
Microsoft Visual Studio Solution File, Format Version 12.00
# Visual Studio Version 17
VisualStudioVersion = 17.0.31903.59
MinimumVisualStudioVersion = 10.0.40219.1
Project("{2150E333-8FDC-42A3-9474-1A3956D46DE8}") = "src", "src", "{A037180C-FF8E-4946-B7DA-99793072AAC9}"
EndProject
Project("{9A19103F-16F7-4668-BE54-9A1E7A4F7556}") = "Zenith.Core", "src\Zenith.Core\Zenith.Core.csproj", "{3F9D10C8-48B5-45B1-AC64-B3C7BA5C0FC9}"
EndProject
Project("{2150E333-8FDC-42A3-9474-1A3956D46DE8}") = "tests", "tests", "{1297ECE1-7744-4647-933B-45F5BCD77B4B}"
EndProject
Project("{9A19103F-16F7-4668-BE54-9A1E7A4F7556}") = "Zenith.Common", "src\Zenith.Common\Zenith.Common.csproj", "{0AD6512C-A840-4D2F-BE1E-518EDFFE5998}"
EndProject
Project("{FAE04EC0-301F-11D3-BF4B-00C04F79EFBC}") = "Zenith.Core.Tests", "tests\Zenith.Core.Tests\Zenith.Core.Tests.csproj", "{976206BB-FBC0-47A6-B4DC-B35909AD0612}"
EndProject
Global
	GlobalSection(SolutionConfigurationPlatforms) = preSolution
		Debug|Any CPU = Debug|Any CPU
		Release|Any CPU = Release|Any CPU
	EndGlobalSection
	GlobalSection(ProjectConfigurationPlatforms) = postSolution
		{3F9D10C8-48B5-45B1-AC64-B3C7BA5C0FC9}.Debug|Any CPU.ActiveCfg = Debug|Any CPU
		{3F9D10C8-48B5-45B1-AC64-B3C7BA5C0FC9}.Debug|Any CPU.Build.0 = Debug|Any CPU
		{3F9D10C8-48B5-45B1-AC64-B3C7BA5C0FC9}.Release|Any CPU.ActiveCfg = Release|Any CPU
		{3F9D10C8-48B5-45B1-AC64-B3C7BA5C0FC9}.Release|Any CPU.Build.0 = Release|Any CPU
		{0AD6512C-A840-4D2F-BE1E-518EDFFE5998}.Debug|Any CPU.ActiveCfg = Debug|Any CPU
		{0AD6512C-A840-4D2F-BE1E-518EDFFE5998}.Debug|Any CPU.Build.0 = Debug|Any CPU
		{0AD6512C-A840-4D2F-BE1E-518EDFFE5998}.Release|Any CPU.ActiveCfg = Release|Any CPU
		{0AD6512C-A840-4D2F-BE1E-518EDFFE5998}.Release|Any CPU.Build.0 = Release|Any CPU
		{976206BB-FBC0-47A6-B4DC-B35909AD0612}.Debug|Any CPU.ActiveCfg = Debug|Any CPU
		{976206BB-FBC0-47A6-B4DC-B35909AD0612}.Debug|Any CPU.Build.0 = Debug|Any CPU
		{976206BB-FBC0-47A6-B4DC-B35909AD0612}.Release|Any CPU.ActiveCfg = Release|Any CPU
		{976206BB-FBC0-47A6-B4DC-B35909AD0612}.Release|Any CPU.Build.0 = Release|Any CPU
	EndGlobalSection
	GlobalSection(SolutionProperties) = preSolution
		HideSolutionNode = FALSE
	EndGlobalSection
	GlobalSection(NestedProjects) = preSolution
		{3F9D10C8-48B5-45B1-AC64-B3C7BA5C0FC9} = {A037180C-FF8E-4946-B7DA-99793072AAC9}
		{0AD6512C-A840-4D2F-BE1E-518EDFFE5998} = {A037180C-FF8E-4946-B7DA-99793072AAC9}
		{976206BB-FBC0-47A6-B4DC-B35909AD0612} = {1297ECE1-7744-4647-933B-45F5BCD77B4B}
	EndGlobalSection
	GlobalSection(ExtensibilityGlobals) = postSolution
		SolutionGuid = {4432BE19-B511-40F1-9EF8-96052F22A6CA}
	EndGlobalSection
EndGlobal
